
Microsoft Visual Studio Solution File, Format Version 12.00
# Visual Studio 15
VisualStudioVersion = 15.0.27130.2027
MinimumVisualStudioVersion = 10.0.40219.1
Project("{FAE04EC0-301F-11D3-BF4B-00C04F79EFBC}") = "01.SumSeconds", "01.SumSeconds\01.SumSeconds.csproj", "{CDA44601-0119-4169-80C3-B1E8FB8A393F}"
EndProject
Project("{FAE04EC0-301F-11D3-BF4B-00C04F79EFBC}") = "02.BonusScore", "02.BonusScore\02.BonusScore.csproj", "{AC447717-C5B1-49B7-B510-EA85E9ABA29E}"
EndProject
Project("{FAE04EC0-301F-11D3-BF4B-00C04F79EFBC}") = "04.MetricsConverter", "04.MetricsConverter\04.MetricsConverter.csproj", "{70431DB5-9C3E-4A0B-B626-E58D9E814AF0}"
EndProject
Global
	GlobalSection(SolutionConfigurationPlatforms) = preSolution
		Debug|Any CPU = Debug|Any CPU
		Release|Any CPU = Release|Any CPU
	EndGlobalSection
	GlobalSection(ProjectConfigurationPlatforms) = postSolution
		{CDA44601-0119-4169-80C3-B1E8FB8A393F}.Debug|Any CPU.ActiveCfg = Debug|Any CPU
		{CDA44601-0119-4169-80C3-B1E8FB8A393F}.Debug|Any CPU.Build.0 = Debug|Any CPU
		{CDA44601-0119-4169-80C3-B1E8FB8A393F}.Release|Any CPU.ActiveCfg = Release|Any CPU
		{CDA44601-0119-4169-80C3-B1E8FB8A393F}.Release|Any CPU.Build.0 = Release|Any CPU
		{AC447717-C5B1-49B7-B510-EA85E9ABA29E}.Debug|Any CPU.ActiveCfg = Debug|Any CPU
		{AC447717-C5B1-49B7-B510-EA85E9ABA29E}.Debug|Any CPU.Build.0 = Debug|Any CPU
		{AC447717-C5B1-49B7-B510-EA85E9ABA29E}.Release|Any CPU.ActiveCfg = Release|Any CPU
		{AC447717-C5B1-49B7-B510-EA85E9ABA29E}.Release|Any CPU.Build.0 = Release|Any CPU
		{70431DB5-9C3E-4A0B-B626-E58D9E814AF0}.Debug|Any CPU.ActiveCfg = Debug|Any CPU
		{70431DB5-9C3E-4A0B-B626-E58D9E814AF0}.Debug|Any CPU.Build.0 = Debug|Any CPU
		{70431DB5-9C3E-4A0B-B626-E58D9E814AF0}.Release|Any CPU.ActiveCfg = Release|Any CPU
		{70431DB5-9C3E-4A0B-B626-E58D9E814AF0}.Release|Any CPU.Build.0 = Release|Any CPU
	EndGlobalSection
	GlobalSection(SolutionProperties) = preSolution
		HideSolutionNode = FALSE
	EndGlobalSection
	GlobalSection(ExtensibilityGlobals) = postSolution
		SolutionGuid = {CB6FC0F3-0BA6-400C-8CBE-746BFF2954B1}
	EndGlobalSection
EndGlobal
