
Microsoft Visual Studio Solution File, Format Version 12.00
# Visual Studio 15
VisualStudioVersion = 15.0.27130.2027
MinimumVisualStudioVersion = 10.0.40219.1
Project("{FAE04EC0-301F-11D3-BF4B-00C04F79EFBC}") = "05.DanceHall", "05.DanceHall\05.DanceHall.csproj", "{387E29BA-B485-4CFB-B4B1-42977DB10EFC}"
EndProject
Project("{FAE04EC0-301F-11D3-BF4B-00C04F79EFBC}") = "02.USDToBGN", "02.USDToBGN\02.USDToBGN.csproj", "{2337F139-0B5B-48F9-B428-B313F4EC032C}"
EndProject
Project("{FAE04EC0-301F-11D3-BF4B-00C04F79EFBC}") = "07.AlcoholMarket", "07.AlcoholMarket\07.AlcoholMarket.csproj", "{C19A6AED-3A35-4207-99FC-7FFF952A89BC}"
EndProject
Project("{FAE04EC0-301F-11D3-BF4B-00C04F79EFBC}") = "04.TailoringWorkshop", "04.TailoringWorkshop\04.TailoringWorkshop.csproj", "{AA54A0EC-E606-457C-B604-03759AFF29A6}"
EndProject
Project("{FAE04EC0-301F-11D3-BF4B-00C04F79EFBC}") = "01.2DRectangleArea", "01.2DRectangleArea\01.2DRectangleArea.csproj", "{5FB8B0FB-CB50-499F-86BA-E805FD9DB07C}"
EndProject
Global
	GlobalSection(SolutionConfigurationPlatforms) = preSolution
		Debug|Any CPU = Debug|Any CPU
		Release|Any CPU = Release|Any CPU
	EndGlobalSection
	GlobalSection(ProjectConfigurationPlatforms) = postSolution
		{387E29BA-B485-4CFB-B4B1-42977DB10EFC}.Debug|Any CPU.ActiveCfg = Debug|Any CPU
		{387E29BA-B485-4CFB-B4B1-42977DB10EFC}.Debug|Any CPU.Build.0 = Debug|Any CPU
		{387E29BA-B485-4CFB-B4B1-42977DB10EFC}.Release|Any CPU.ActiveCfg = Release|Any CPU
		{387E29BA-B485-4CFB-B4B1-42977DB10EFC}.Release|Any CPU.Build.0 = Release|Any CPU
		{2337F139-0B5B-48F9-B428-B313F4EC032C}.Debug|Any CPU.ActiveCfg = Debug|Any CPU
		{2337F139-0B5B-48F9-B428-B313F4EC032C}.Debug|Any CPU.Build.0 = Debug|Any CPU
		{2337F139-0B5B-48F9-B428-B313F4EC032C}.Release|Any CPU.ActiveCfg = Release|Any CPU
		{2337F139-0B5B-48F9-B428-B313F4EC032C}.Release|Any CPU.Build.0 = Release|Any CPU
		{C19A6AED-3A35-4207-99FC-7FFF952A89BC}.Debug|Any CPU.ActiveCfg = Debug|Any CPU
		{C19A6AED-3A35-4207-99FC-7FFF952A89BC}.Debug|Any CPU.Build.0 = Debug|Any CPU
		{C19A6AED-3A35-4207-99FC-7FFF952A89BC}.Release|Any CPU.ActiveCfg = Release|Any CPU
		{C19A6AED-3A35-4207-99FC-7FFF952A89BC}.Release|Any CPU.Build.0 = Release|Any CPU
		{AA54A0EC-E606-457C-B604-03759AFF29A6}.Debug|Any CPU.ActiveCfg = Debug|Any CPU
		{AA54A0EC-E606-457C-B604-03759AFF29A6}.Debug|Any CPU.Build.0 = Debug|Any CPU
		{AA54A0EC-E606-457C-B604-03759AFF29A6}.Release|Any CPU.ActiveCfg = Release|Any CPU
		{AA54A0EC-E606-457C-B604-03759AFF29A6}.Release|Any CPU.Build.0 = Release|Any CPU
		{5FB8B0FB-CB50-499F-86BA-E805FD9DB07C}.Debug|Any CPU.ActiveCfg = Debug|Any CPU
		{5FB8B0FB-CB50-499F-86BA-E805FD9DB07C}.Debug|Any CPU.Build.0 = Debug|Any CPU
		{5FB8B0FB-CB50-499F-86BA-E805FD9DB07C}.Release|Any CPU.ActiveCfg = Release|Any CPU
		{5FB8B0FB-CB50-499F-86BA-E805FD9DB07C}.Release|Any CPU.Build.0 = Release|Any CPU
	EndGlobalSection
	GlobalSection(SolutionProperties) = preSolution
		HideSolutionNode = FALSE
	EndGlobalSection
	GlobalSection(ExtensibilityGlobals) = postSolution
		SolutionGuid = {E3CF43B0-97BF-43D1-B4D5-E7BFFB0832A0}
	EndGlobalSection
EndGlobal
