
Microsoft Visual Studio Solution File, Format Version 12.00
# Visual Studio 15
VisualStudioVersion = 15.0.28010.2041
MinimumVisualStudioVersion = 10.0.40219.1
Project("{FAE04EC0-301F-11D3-BF4B-00C04F79EFBC}") = "01.HelloSoftUni", "01.HelloSoftUni\01.HelloSoftUni.csproj", "{9C3774B5-09A7-4EED-943A-8F75F2A69C71}"
EndProject
Project("{FAE04EC0-301F-11D3-BF4B-00C04F79EFBC}") = "00.READ", "00.READ\00.READ.csproj", "{F0B24ABE-0204-4253-B472-B18998B56159}"
EndProject
Project("{FAE04EC0-301F-11D3-BF4B-00C04F79EFBC}") = "04.RectangleArea", "04.RectangleArea\04.RectangleArea.csproj", "{E54D743C-F775-4440-9AC2-38EDFDE09CA7}"
EndProject
Project("{FAE04EC0-301F-11D3-BF4B-00C04F79EFBC}") = "03.Nums1To20", "03.Nums1To20\03.Nums1To20.csproj", "{60C9A89E-D0AC-4774-B901-E9C5F0BFB9B2}"
EndProject
Project("{FAE04EC0-301F-11D3-BF4B-00C04F79EFBC}") = "03.Nums1To20_2", "03.Nums1To20_2\03.Nums1To20_2.csproj", "{5A437594-3F73-4A5F-96FA-77798EBB18FE}"
EndProject
Global
	GlobalSection(SolutionConfigurationPlatforms) = preSolution
		Debug|Any CPU = Debug|Any CPU
		Release|Any CPU = Release|Any CPU
	EndGlobalSection
	GlobalSection(ProjectConfigurationPlatforms) = postSolution
		{9C3774B5-09A7-4EED-943A-8F75F2A69C71}.Debug|Any CPU.ActiveCfg = Debug|Any CPU
		{9C3774B5-09A7-4EED-943A-8F75F2A69C71}.Debug|Any CPU.Build.0 = Debug|Any CPU
		{9C3774B5-09A7-4EED-943A-8F75F2A69C71}.Release|Any CPU.ActiveCfg = Release|Any CPU
		{9C3774B5-09A7-4EED-943A-8F75F2A69C71}.Release|Any CPU.Build.0 = Release|Any CPU
		{F0B24ABE-0204-4253-B472-B18998B56159}.Debug|Any CPU.ActiveCfg = Debug|Any CPU
		{F0B24ABE-0204-4253-B472-B18998B56159}.Debug|Any CPU.Build.0 = Debug|Any CPU
		{F0B24ABE-0204-4253-B472-B18998B56159}.Release|Any CPU.ActiveCfg = Release|Any CPU
		{F0B24ABE-0204-4253-B472-B18998B56159}.Release|Any CPU.Build.0 = Release|Any CPU
		{E54D743C-F775-4440-9AC2-38EDFDE09CA7}.Debug|Any CPU.ActiveCfg = Debug|Any CPU
		{E54D743C-F775-4440-9AC2-38EDFDE09CA7}.Debug|Any CPU.Build.0 = Debug|Any CPU
		{E54D743C-F775-4440-9AC2-38EDFDE09CA7}.Release|Any CPU.ActiveCfg = Release|Any CPU
		{E54D743C-F775-4440-9AC2-38EDFDE09CA7}.Release|Any CPU.Build.0 = Release|Any CPU
		{60C9A89E-D0AC-4774-B901-E9C5F0BFB9B2}.Debug|Any CPU.ActiveCfg = Debug|Any CPU
		{60C9A89E-D0AC-4774-B901-E9C5F0BFB9B2}.Debug|Any CPU.Build.0 = Debug|Any CPU
		{60C9A89E-D0AC-4774-B901-E9C5F0BFB9B2}.Release|Any CPU.ActiveCfg = Release|Any CPU
		{60C9A89E-D0AC-4774-B901-E9C5F0BFB9B2}.Release|Any CPU.Build.0 = Release|Any CPU
		{5A437594-3F73-4A5F-96FA-77798EBB18FE}.Debug|Any CPU.ActiveCfg = Debug|Any CPU
		{5A437594-3F73-4A5F-96FA-77798EBB18FE}.Debug|Any CPU.Build.0 = Debug|Any CPU
		{5A437594-3F73-4A5F-96FA-77798EBB18FE}.Release|Any CPU.ActiveCfg = Release|Any CPU
		{5A437594-3F73-4A5F-96FA-77798EBB18FE}.Release|Any CPU.Build.0 = Release|Any CPU
	EndGlobalSection
	GlobalSection(SolutionProperties) = preSolution
		HideSolutionNode = FALSE
	EndGlobalSection
	GlobalSection(ExtensibilityGlobals) = postSolution
		SolutionGuid = {4A3DDB52-2ED4-4B3E-B1B1-777A29E20488}
	EndGlobalSection
EndGlobal
