
Microsoft Visual Studio Solution File, Format Version 12.00
# Visual Studio 15
VisualStudioVersion = 15.0.27130.2027
MinimumVisualStudioVersion = 10.0.40219.1
Project("{9A19103F-16F7-4668-BE54-9A1E7A4F7556}") = "09.Moving", "09.Moving\09.Moving.csproj", "{A7BBC3F5-C5E3-4208-95EE-8DFE7CD665A4}"
EndProject
Project("{9A19103F-16F7-4668-BE54-9A1E7A4F7556}") = "01.NumberInRange", "01.NumberInRange\01.NumberInRange.csproj", "{33E686DC-CCB2-41DE-9974-25FF8DB415E4}"
EndProject
Project("{9A19103F-16F7-4668-BE54-9A1E7A4F7556}") = "05.Walking", "05.Walking\05.Walking.csproj", "{B7D0F78E-87CE-440E-83E4-01244C1F09DD}"
EndProject
Project("{FAE04EC0-301F-11D3-BF4B-00C04F79EFBC}") = "04.NumberSequence", "04.NumberSequence\04.NumberSequence.csproj", "{9DB2E2A7-E0B6-44A1-8C71-117D06F611F0}"
EndProject
Project("{FAE04EC0-301F-11D3-BF4B-00C04F79EFBC}") = "06.AccountBalance", "06.AccountBalance\06.AccountBalance.csproj", "{6978E096-074A-4E9B-859F-63A8411E38E6}"
EndProject
Project("{FAE04EC0-301F-11D3-BF4B-00C04F79EFBC}") = "02.Graduation", "02.Graduation\02.Graduation.csproj", "{1F886526-FE45-45C9-BE8A-92B2C2B4B46B}"
EndProject
Project("{FAE04EC0-301F-11D3-BF4B-00C04F79EFBC}") = "03.Graduation_2.0", "03.Graduation_2.0\03.Graduation_2.0.csproj", "{5BBD5A54-7A76-4FEA-8333-350EBD904E57}"
EndProject
Project("{FAE04EC0-301F-11D3-BF4B-00C04F79EFBC}") = "08.Sequence", "08.Sequence\08.Sequence.csproj", "{18E4445A-BF3A-4196-9F31-93D1DB966830}"
EndProject
Project("{FAE04EC0-301F-11D3-BF4B-00C04F79EFBC}") = "07.WaterDispenser", "07.WaterDispenser\07.WaterDispenser.csproj", "{4E3F8FF1-3B86-4FAD-A7B4-5FB916976E93}"
EndProject
Global
	GlobalSection(SolutionConfigurationPlatforms) = preSolution
		Debug|Any CPU = Debug|Any CPU
		Release|Any CPU = Release|Any CPU
	EndGlobalSection
	GlobalSection(ProjectConfigurationPlatforms) = postSolution
		{A7BBC3F5-C5E3-4208-95EE-8DFE7CD665A4}.Debug|Any CPU.ActiveCfg = Debug|Any CPU
		{A7BBC3F5-C5E3-4208-95EE-8DFE7CD665A4}.Debug|Any CPU.Build.0 = Debug|Any CPU
		{A7BBC3F5-C5E3-4208-95EE-8DFE7CD665A4}.Release|Any CPU.ActiveCfg = Release|Any CPU
		{A7BBC3F5-C5E3-4208-95EE-8DFE7CD665A4}.Release|Any CPU.Build.0 = Release|Any CPU
		{33E686DC-CCB2-41DE-9974-25FF8DB415E4}.Debug|Any CPU.ActiveCfg = Debug|Any CPU
		{33E686DC-CCB2-41DE-9974-25FF8DB415E4}.Debug|Any CPU.Build.0 = Debug|Any CPU
		{33E686DC-CCB2-41DE-9974-25FF8DB415E4}.Release|Any CPU.ActiveCfg = Release|Any CPU
		{33E686DC-CCB2-41DE-9974-25FF8DB415E4}.Release|Any CPU.Build.0 = Release|Any CPU
		{B7D0F78E-87CE-440E-83E4-01244C1F09DD}.Debug|Any CPU.ActiveCfg = Debug|Any CPU
		{B7D0F78E-87CE-440E-83E4-01244C1F09DD}.Debug|Any CPU.Build.0 = Debug|Any CPU
		{B7D0F78E-87CE-440E-83E4-01244C1F09DD}.Release|Any CPU.ActiveCfg = Release|Any CPU
		{B7D0F78E-87CE-440E-83E4-01244C1F09DD}.Release|Any CPU.Build.0 = Release|Any CPU
		{9DB2E2A7-E0B6-44A1-8C71-117D06F611F0}.Debug|Any CPU.ActiveCfg = Debug|Any CPU
		{9DB2E2A7-E0B6-44A1-8C71-117D06F611F0}.Debug|Any CPU.Build.0 = Debug|Any CPU
		{9DB2E2A7-E0B6-44A1-8C71-117D06F611F0}.Release|Any CPU.ActiveCfg = Release|Any CPU
		{9DB2E2A7-E0B6-44A1-8C71-117D06F611F0}.Release|Any CPU.Build.0 = Release|Any CPU
		{6978E096-074A-4E9B-859F-63A8411E38E6}.Debug|Any CPU.ActiveCfg = Debug|Any CPU
		{6978E096-074A-4E9B-859F-63A8411E38E6}.Debug|Any CPU.Build.0 = Debug|Any CPU
		{6978E096-074A-4E9B-859F-63A8411E38E6}.Release|Any CPU.ActiveCfg = Release|Any CPU
		{6978E096-074A-4E9B-859F-63A8411E38E6}.Release|Any CPU.Build.0 = Release|Any CPU
		{1F886526-FE45-45C9-BE8A-92B2C2B4B46B}.Debug|Any CPU.ActiveCfg = Debug|Any CPU
		{1F886526-FE45-45C9-BE8A-92B2C2B4B46B}.Debug|Any CPU.Build.0 = Debug|Any CPU
		{1F886526-FE45-45C9-BE8A-92B2C2B4B46B}.Release|Any CPU.ActiveCfg = Release|Any CPU
		{1F886526-FE45-45C9-BE8A-92B2C2B4B46B}.Release|Any CPU.Build.0 = Release|Any CPU
		{5BBD5A54-7A76-4FEA-8333-350EBD904E57}.Debug|Any CPU.ActiveCfg = Debug|Any CPU
		{5BBD5A54-7A76-4FEA-8333-350EBD904E57}.Debug|Any CPU.Build.0 = Debug|Any CPU
		{5BBD5A54-7A76-4FEA-8333-350EBD904E57}.Release|Any CPU.ActiveCfg = Release|Any CPU
		{5BBD5A54-7A76-4FEA-8333-350EBD904E57}.Release|Any CPU.Build.0 = Release|Any CPU
		{18E4445A-BF3A-4196-9F31-93D1DB966830}.Debug|Any CPU.ActiveCfg = Debug|Any CPU
		{18E4445A-BF3A-4196-9F31-93D1DB966830}.Debug|Any CPU.Build.0 = Debug|Any CPU
		{18E4445A-BF3A-4196-9F31-93D1DB966830}.Release|Any CPU.ActiveCfg = Release|Any CPU
		{18E4445A-BF3A-4196-9F31-93D1DB966830}.Release|Any CPU.Build.0 = Release|Any CPU
		{4E3F8FF1-3B86-4FAD-A7B4-5FB916976E93}.Debug|Any CPU.ActiveCfg = Debug|Any CPU
		{4E3F8FF1-3B86-4FAD-A7B4-5FB916976E93}.Debug|Any CPU.Build.0 = Debug|Any CPU
		{4E3F8FF1-3B86-4FAD-A7B4-5FB916976E93}.Release|Any CPU.ActiveCfg = Release|Any CPU
		{4E3F8FF1-3B86-4FAD-A7B4-5FB916976E93}.Release|Any CPU.Build.0 = Release|Any CPU
	EndGlobalSection
	GlobalSection(SolutionProperties) = preSolution
		HideSolutionNode = FALSE
	EndGlobalSection
	GlobalSection(ExtensibilityGlobals) = postSolution
		SolutionGuid = {BE6F4F9D-EA7A-46D4-87F4-8BCE17A8E78E}
	EndGlobalSection
EndGlobal
