
Microsoft Visual Studio Solution File, Format Version 12.00
# Visual Studio 15
VisualStudioVersion = 15.0.27130.2027
MinimumVisualStudioVersion = 10.0.40219.1
Project("{9A19103F-16F7-4668-BE54-9A1E7A4F7556}") = "09.Moving", "09.Moving\09.Moving.csproj", "{A7BBC3F5-C5E3-4208-95EE-8DFE7CD665A4}"
EndProject
Project("{FAE04EC0-301F-11D3-BF4B-00C04F79EFBC}") = "01.NumberInRange", "01.NumberInRange\01.NumberInRange.csproj", "{33E686DC-CCB2-41DE-9974-25FF8DB415E4}"
EndProject
Project("{FAE04EC0-301F-11D3-BF4B-00C04F79EFBC}") = "05.Walking", "05.Walking\05.Walking.csproj", "{B7D0F78E-87CE-440E-83E4-01244C1F09DD}"
EndProject
Global
	GlobalSection(SolutionConfigurationPlatforms) = preSolution
		Debug|Any CPU = Debug|Any CPU
		Release|Any CPU = Release|Any CPU
	EndGlobalSection
	GlobalSection(ProjectConfigurationPlatforms) = postSolution
		{A7BBC3F5-C5E3-4208-95EE-8DFE7CD665A4}.Debug|Any CPU.ActiveCfg = Debug|Any CPU
		{A7BBC3F5-C5E3-4208-95EE-8DFE7CD665A4}.Debug|Any CPU.Build.0 = Debug|Any CPU
		{A7BBC3F5-C5E3-4208-95EE-8DFE7CD665A4}.Release|Any CPU.ActiveCfg = Release|Any CPU
		{A7BBC3F5-C5E3-4208-95EE-8DFE7CD665A4}.Release|Any CPU.Build.0 = Release|Any CPU
		{33E686DC-CCB2-41DE-9974-25FF8DB415E4}.Debug|Any CPU.ActiveCfg = Debug|Any CPU
		{33E686DC-CCB2-41DE-9974-25FF8DB415E4}.Debug|Any CPU.Build.0 = Debug|Any CPU
		{33E686DC-CCB2-41DE-9974-25FF8DB415E4}.Release|Any CPU.ActiveCfg = Release|Any CPU
		{33E686DC-CCB2-41DE-9974-25FF8DB415E4}.Release|Any CPU.Build.0 = Release|Any CPU
		{B7D0F78E-87CE-440E-83E4-01244C1F09DD}.Debug|Any CPU.ActiveCfg = Debug|Any CPU
		{B7D0F78E-87CE-440E-83E4-01244C1F09DD}.Debug|Any CPU.Build.0 = Debug|Any CPU
		{B7D0F78E-87CE-440E-83E4-01244C1F09DD}.Release|Any CPU.ActiveCfg = Release|Any CPU
		{B7D0F78E-87CE-440E-83E4-01244C1F09DD}.Release|Any CPU.Build.0 = Release|Any CPU
	EndGlobalSection
	GlobalSection(SolutionProperties) = preSolution
		HideSolutionNode = FALSE
	EndGlobalSection
	GlobalSection(ExtensibilityGlobals) = postSolution
		SolutionGuid = {BE6F4F9D-EA7A-46D4-87F4-8BCE17A8E78E}
	EndGlobalSection
EndGlobal
